
Microsoft Visual Studio Solution File, Format Version 12.00
# Visual Studio 15
VisualStudioVersion = 15.0.27428.2037
MinimumVisualStudioVersion = 10.0.40219.1
Project("{E24C65DC-7377-472B-9ABA-BC803B73C61A}") = "ShoppingCarteDemo", "ShoppingCarteDemo\", "{81564290-8C0A-43F1-82B3-FF2744A247DA}"
	ProjectSection(WebsiteProperties) = preProject
		TargetFrameworkMoniker = ".NETFramework,Version%3Dv4.6.1"
		Debug.AspNetCompiler.VirtualPath = "/localhost_51746"
		Debug.AspNetCompiler.PhysicalPath = "ShoppingCarteDemo\"
		Debug.AspNetCompiler.TargetPath = "PrecompiledWeb\localhost_51746\"
		Debug.AspNetCompiler.Updateable = "true"
		Debug.AspNetCompiler.ForceOverwrite = "true"
		Debug.AspNetCompiler.FixedNames = "false"
		Debug.AspNetCompiler.Debug = "True"
		Release.AspNetCompiler.VirtualPath = "/localhost_51746"
		Release.AspNetCompiler.PhysicalPath = "ShoppingCarteDemo\"
		Release.AspNetCompiler.TargetPath = "PrecompiledWeb\localhost_51746\"
		Release.AspNetCompiler.Updateable = "true"
		Release.AspNetCompiler.ForceOverwrite = "true"
		Release.AspNetCompiler.FixedNames = "false"
		Release.AspNetCompiler.Debug = "False"
		VWDPort = "51746"
		SlnRelativePath = "ShoppingCarteDemo\"
		DefaultWebSiteLanguage = "Visual C#"
	EndProjectSection
EndProject
Global
	GlobalSection(SolutionConfigurationPlatforms) = preSolution
		Debug|Any CPU = Debug|Any CPU
	EndGlobalSection
	GlobalSection(ProjectConfigurationPlatforms) = postSolution
		{81564290-8C0A-43F1-82B3-FF2744A247DA}.Debug|Any CPU.ActiveCfg = Debug|Any CPU
		{81564290-8C0A-43F1-82B3-FF2744A247DA}.Debug|Any CPU.Build.0 = Debug|Any CPU
	EndGlobalSection
	GlobalSection(SolutionProperties) = preSolution
		HideSolutionNode = FALSE
	EndGlobalSection
	GlobalSection(ExtensibilityGlobals) = postSolution
		SolutionGuid = {5985CBCF-6DD8-4DFB-987B-B62E7030B1C0}
	EndGlobalSection
EndGlobal
